<?xml version="1.0" encoding="utf-8"?>
<Project ToolsVersion="4.0" xmlns="http://schemas.microsoft.com/developer/msbuild/2003">
  <ItemGroup>
    <Filter Include="Application">
      <UniqueIdentifier>{D9DE78AF-4594-F1A4-CE88-EB7B3A3DE8A8}</UniqueIdentifier>
    </Filter>
    <Filter Include="Logic">
      <UniqueIdentifier>{93E89C0D-FFFC-C4BE-C87E-681E3452C1EF}</UniqueIdentifier>
    </Filter>
    <Filter Include="Logic\Components">
      <UniqueIdentifier>{52367bf1-9549-4fab-8d07-4b9edb9675a9}</UniqueIdentifier>
    </Filter>
    <Filter Include="Logic\Event">
      <UniqueIdentifier>{e3c1ea98-cdca-4798-bce9-65ff9f059c2e}</UniqueIdentifier>
    </Filter>
    <Filter Include="Logic\Process">
      <UniqueIdentifier>{e2b5c5c0-c8b8-430b-acf8-16bbcb9d45ae}</UniqueIdentifier>
    </Filter>
    <Filter Include="Logic\Views">
      <UniqueIdentifier>{a18b4b65-55ea-48c2-b628-aa639efc2106}</UniqueIdentifier>
    </Filter>
    <Filter Include="Logic\Scenes">
      <UniqueIdentifier>{e980dcbe-1e14-4f14-acd9-7456b0f204ab}</UniqueIdentifier>
    </Filter>
    <Filter Include="Logic\Collision">
      <UniqueIdentifier>{f6749682-0ed9-4425-a01b-8f614cc4bbcb}</UniqueIdentifier>
    </Filter>
    <Filter Include="Logic\AI">
      <UniqueIdentifier>{b097226f-859f-4854-94b5-69955bc7282a}</UniqueIdentifier>
    </Filter>
    <Filter Include="Logic\Map">
      <UniqueIdentifier>{97d9d567-efd6-432d-8a81-a72a6a52998a}</UniqueIdentifier>
    </Filter>
    <Filter Include="Logic\AI\Pathfinding">
      <UniqueIdentifier>{ed2cf19a-445c-4c55-b36b-7e2462260923}</UniqueIdentifier>
    </Filter>
  </ItemGroup>
  <ItemGroup>
    <ClInclude Include="Source\Logic\GAP321Game.h">
      <Filter>Logic</Filter>
    </ClInclude>
    <ClInclude Include="Source\Application\GAP321App.h">
      <Filter>Application</Filter>
    </ClInclude>
    <ClInclude Include="Source\Views\CameraView.h">
      <Filter>Logic\Views</Filter>
    </ClInclude>
    <ClInclude Include="Source\Logic\Scenes\MainScene.h">
      <Filter>Logic\Scenes</Filter>
    </ClInclude>
    <ClInclude Include="Source\Logic\Process\MoveProcess.h">
      <Filter>Logic\Process</Filter>
    </ClInclude>
    <ClInclude Include="Source\Logic\Process\RotationProcess.h">
      <Filter>Logic\Process</Filter>
    </ClInclude>
    <ClInclude Include="Source\Logic\Collision\CameraCollisionCallback.h">
      <Filter>Logic\Collision</Filter>
    </ClInclude>
    <ClInclude Include="Source\Logic\Components\VisionComponent.h">
      <Filter>Logic\Components</Filter>
    </ClInclude>
    <ClInclude Include="Source\Logic\Map\BasicPathfindingMap.h">
      <Filter>Logic\Map</Filter>
    </ClInclude>
    <ClInclude Include="Source\Logic\AI\Behaviors\ArriveBehavior.h">
      <Filter>Logic\AI</Filter>
    </ClInclude>
    <ClInclude Include="Source\Logic\AI\Behaviors\PursueBehavior.h">
      <Filter>Logic\AI</Filter>
    </ClInclude>
    <ClInclude Include="Source\Logic\AI\Behaviors\SeekFleeBehavior.h">
      <Filter>Logic\AI</Filter>
    </ClInclude>
    <ClInclude Include="Source\Logic\AI\Behaviors\SteeringBehavior.h">
      <Filter>Logic\AI</Filter>
    </ClInclude>
    <ClInclude Include="Source\Logic\AI\Behaviors\TargetedSteeringBehavior.h">
      <Filter>Logic\AI</Filter>
    </ClInclude>
    <ClInclude Include="Source\Logic\AI\BehaviorState.h">
      <Filter>Logic\AI</Filter>
    </ClInclude>
    <ClInclude Include="Source\Logic\AI\BehaviorStateMachine.h">
      <Filter>Logic\AI</Filter>
    </ClInclude>
    <ClInclude Include="Source\Logic\Components\MapComponent.h">
      <Filter>Logic\Components</Filter>
    </ClInclude>
    <ClInclude Include="Source\Logic\AI\Pathfinding\GraphSearcher.h">
      <Filter>Logic\AI\Pathfinding</Filter>
    </ClInclude>
    <ClInclude Include="Source\Logic\Event\RequestPathEvent.h">
      <Filter>Logic\Event</Filter>
    </ClInclude>
    <ClInclude Include="Source\Logic\Event\ReceivePathEvent.h">
      <Filter>Logic\Event</Filter>
    </ClInclude>
    <ClInclude Include="Source\Logic\Process\KinematicMovement.h">
      <Filter>Logic\Process</Filter>
    </ClInclude>
    <ClInclude Include="Source\Logic\Components\AgentComponent.h">
      <Filter>Logic\Components</Filter>
    </ClInclude>
  </ItemGroup>
  <ItemGroup>
    <ClCompile Include="Source\Application\Main.cpp">
      <Filter>Application</Filter>
    </ClCompile>
    <ClCompile Include="Source\Logic\GAP321Game.cpp">
      <Filter>Logic</Filter>
    </ClCompile>
    <ClCompile Include="Source\Application\GAP321App.cpp">
      <Filter>Application</Filter>
    </ClCompile>
    <ClCompile Include="Source\Views\CameraView.cpp">
      <Filter>Logic\Views</Filter>
    </ClCompile>
    <ClCompile Include="Source\Logic\Scenes\MainScene.cpp">
      <Filter>Logic\Scenes</Filter>
    </ClCompile>
    <ClCompile Include="Source\Logic\Process\RotationProcess.cpp">
      <Filter>Logic\Process</Filter>
    </ClCompile>
    <ClCompile Include="Source\Logic\Process\MoveProcess.cpp">
      <Filter>Logic\Process</Filter>
    </ClCompile>
    <ClCompile Include="Source\Logic\Collision\CameraCollisionCallback.cpp">
      <Filter>Logic\Collision</Filter>
    </ClCompile>
    <ClCompile Include="Source\Logic\Components\VisionComponent.cpp">
      <Filter>Logic\Components</Filter>
    </ClCompile>
    <ClCompile Include="Source\Logic\Map\BasicPathfindingMap.cpp">
      <Filter>Logic\Map</Filter>
    </ClCompile>
    <ClCompile Include="Source\Logic\AI\Behaviors\ArriveBehavior.cpp">
      <Filter>Logic\AI</Filter>
    </ClCompile>
    <ClCompile Include="Source\Logic\AI\Behaviors\PursueBehavior.cpp">
      <Filter>Logic\AI</Filter>
    </ClCompile>
    <ClCompile Include="Source\Logic\AI\Behaviors\SeekFleeBehavior.cpp">
      <Filter>Logic\AI</Filter>
    </ClCompile>
    <ClCompile Include="Source\Logic\AI\Behaviors\SteeringBehavior.cpp">
      <Filter>Logic\AI</Filter>
    </ClCompile>
    <ClCompile Include="Source\Logic\AI\Behaviors\TargetedSteeringBehavior.cpp">
      <Filter>Logic\AI</Filter>
    </ClCompile>
    <ClCompile Include="Source\Logic\Components\MapComponent.cpp">
      <Filter>Logic\Components</Filter>
    </ClCompile>
    <ClCompile Include="Source\Logic\AI\Pathfinding\GraphSearcher.cpp">
      <Filter>Logic\AI\Pathfinding</Filter>
    </ClCompile>
    <ClCompile Include="Source\Logic\Event\RequestPathEvent.cpp">
      <Filter>Logic\Event</Filter>
    </ClCompile>
    <ClCompile Include="Source\Logic\Event\ReceivePathEvent.cpp">
      <Filter>Logic\Event</Filter>
    </ClCompile>
    <ClCompile Include="Source\Logic\Process\KinematicMovement.cpp">
      <Filter>Logic\Process</Filter>
    </ClCompile>
    <ClCompile Include="Source\Logic\Components\AgentComponent.cpp">
      <Filter>Logic\Components</Filter>
    </ClCompile>
  </ItemGroup>
</Project>